
Microsoft Visual Studio Solution File, Format Version 12.00
# Visual Studio Version 17
VisualStudioVersion = 17.14.36414.22
MinimumVisualStudioVersion = 10.0.40219.1
Project("{2150E333-8FDC-42A3-9474-1A3956D46DE8}") = "Service", "Service", "{02EA681E-C7D8-13C7-8484-4AC65E1B71E8}"
EndProject
Project("{FAE04EC0-301F-11D3-BF4B-00C04F79EFBC}") = "Domain", "Domain\Domain.csproj", "{151898C0-BD77-4112-A6A2-66C7086D5020}"
EndProject
Project("{FAE04EC0-301F-11D3-BF4B-00C04F79EFBC}") = "Application", "Application\Application.csproj", "{EAA4E56C-7DDA-471C-A79C-E4B6C6FB0ABE}"
EndProject
Project("{FAE04EC0-301F-11D3-BF4B-00C04F79EFBC}") = "Infrastructure", "Infrastructure\Infrastructure.csproj", "{3973FAAD-6304-40E9-BBB5-A27B5FB511EB}"
EndProject
Project("{FAE04EC0-301F-11D3-BF4B-00C04F79EFBC}") = "Presentation", "Presentation\Presentation.csproj", "{2C7898C3-9372-4126-BC98-BC5BDE601935}"
EndProject
Project("{2150E333-8FDC-42A3-9474-1A3956D46DE8}") = "Containerization", "Containerization", "{3A8E7F47-6C86-48D2-9FA8-76594E35F466}"
EndProject
Project("{E53339B2-1760-4266-BCC7-CA923CBCF16C}") = "docker-compose", "docker-compose.dcproj", "{81DDED9D-158B-E303-5F62-77A2896D2A5A}"
EndProject
Global
	GlobalSection(SolutionConfigurationPlatforms) = preSolution
		Debug|Any CPU = Debug|Any CPU
		Release|Any CPU = Release|Any CPU
	EndGlobalSection
	GlobalSection(ProjectConfigurationPlatforms) = postSolution
		{151898C0-BD77-4112-A6A2-66C7086D5020}.Debug|Any CPU.ActiveCfg = Debug|Any CPU
		{151898C0-BD77-4112-A6A2-66C7086D5020}.Debug|Any CPU.Build.0 = Debug|Any CPU
		{151898C0-BD77-4112-A6A2-66C7086D5020}.Release|Any CPU.ActiveCfg = Release|Any CPU
		{151898C0-BD77-4112-A6A2-66C7086D5020}.Release|Any CPU.Build.0 = Release|Any CPU
		{EAA4E56C-7DDA-471C-A79C-E4B6C6FB0ABE}.Debug|Any CPU.ActiveCfg = Debug|Any CPU
		{EAA4E56C-7DDA-471C-A79C-E4B6C6FB0ABE}.Debug|Any CPU.Build.0 = Debug|Any CPU
		{EAA4E56C-7DDA-471C-A79C-E4B6C6FB0ABE}.Release|Any CPU.ActiveCfg = Release|Any CPU
		{EAA4E56C-7DDA-471C-A79C-E4B6C6FB0ABE}.Release|Any CPU.Build.0 = Release|Any CPU
		{3973FAAD-6304-40E9-BBB5-A27B5FB511EB}.Debug|Any CPU.ActiveCfg = Debug|Any CPU
		{3973FAAD-6304-40E9-BBB5-A27B5FB511EB}.Debug|Any CPU.Build.0 = Debug|Any CPU
		{3973FAAD-6304-40E9-BBB5-A27B5FB511EB}.Release|Any CPU.ActiveCfg = Release|Any CPU
		{3973FAAD-6304-40E9-BBB5-A27B5FB511EB}.Release|Any CPU.Build.0 = Release|Any CPU
		{2C7898C3-9372-4126-BC98-BC5BDE601935}.Debug|Any CPU.ActiveCfg = Debug|Any CPU
		{2C7898C3-9372-4126-BC98-BC5BDE601935}.Debug|Any CPU.Build.0 = Debug|Any CPU
		{2C7898C3-9372-4126-BC98-BC5BDE601935}.Release|Any CPU.ActiveCfg = Release|Any CPU
		{2C7898C3-9372-4126-BC98-BC5BDE601935}.Release|Any CPU.Build.0 = Release|Any CPU
		{81DDED9D-158B-E303-5F62-77A2896D2A5A}.Debug|Any CPU.ActiveCfg = Debug|Any CPU
		{81DDED9D-158B-E303-5F62-77A2896D2A5A}.Debug|Any CPU.Build.0 = Debug|Any CPU
		{81DDED9D-158B-E303-5F62-77A2896D2A5A}.Release|Any CPU.ActiveCfg = Release|Any CPU
		{81DDED9D-158B-E303-5F62-77A2896D2A5A}.Release|Any CPU.Build.0 = Release|Any CPU
	EndGlobalSection
	GlobalSection(SolutionProperties) = preSolution
		HideSolutionNode = FALSE
	EndGlobalSection
	GlobalSection(NestedProjects) = preSolution
		{151898C0-BD77-4112-A6A2-66C7086D5020} = {02EA681E-C7D8-13C7-8484-4AC65E1B71E8}
		{EAA4E56C-7DDA-471C-A79C-E4B6C6FB0ABE} = {02EA681E-C7D8-13C7-8484-4AC65E1B71E8}
		{3973FAAD-6304-40E9-BBB5-A27B5FB511EB} = {02EA681E-C7D8-13C7-8484-4AC65E1B71E8}
		{2C7898C3-9372-4126-BC98-BC5BDE601935} = {02EA681E-C7D8-13C7-8484-4AC65E1B71E8}
		{81DDED9D-158B-E303-5F62-77A2896D2A5A} = {3A8E7F47-6C86-48D2-9FA8-76594E35F466}
	EndGlobalSection
	GlobalSection(ExtensibilityGlobals) = postSolution
		SolutionGuid = {9CCD0473-A85D-4E2D-BC44-D3EE59B09FEA}
	EndGlobalSection
EndGlobal
